{
  "version": 4,
  "terraform_version": "1.3.7",
  "serial": 1,
  "lineage": "f60f6f7b-227f-edc7-4a67-f4614304ef9b",
  "outputs": {},
  "resources": [
    {
      "mode": "managed",
      "type": "aci_tenant",
      "name": "prod-tenant",
      "provider": "provider[\"registry.terraform.io/ciscodevnet/aci\"]",
      "instances": [
        {
          "schema_version": 1,
          "attributes": {
            "annotation": "orchestrator:terraform",
            "description": "Production Tenant",
            "id": "uni/tn-THETECHGUY",
            "name": "THETECHGUY",
            "name_alias": "",
            "relation_fv_rs_tenant_mon_pol": "",
            "relation_fv_rs_tn_deny_rule": null
          },
          "sensitive_attributes": [],
          "private": "eyJzY2hlbWFfdmVyc2lvbiI6IjEifQ=="
        }
      ]
    }
  ],
  "check_results": null
}
